
Microsoft Visual Studio Solution File, Format Version 12.00
# Visual Studio 15
VisualStudioVersion = 15.0.28010.2036
MinimumVisualStudioVersion = 10.0.40219.1
Project("{FAE04EC0-301F-11D3-BF4B-00C04F79EFBC}") = "MVCAngularTest.BusinessLogic", "MVCAngularTest.BusinessLogic\MVCAngularTest.BusinessLogic.csproj", "{C719A8D8-7B64-4391-B79B-EE1A102D23F2}"
EndProject
Project("{FAE04EC0-301F-11D3-BF4B-00C04F79EFBC}") = "MVCAngularTest.DataAccess", "MVCAngularTest.DataAccess\MVCAngularTest.DataAccess.csproj", "{EFA12856-79A6-4820-B694-6073A8706D90}"
EndProject
Project("{FAE04EC0-301F-11D3-BF4B-00C04F79EFBC}") = "MVCAngularTest.WebModel", "MVCAngularTest.WebModel\MVCAngularTest.WebModel.csproj", "{F9B7E41C-8302-46B0-B3D7-33382A189B4E}"
EndProject
Project("{FAE04EC0-301F-11D3-BF4B-00C04F79EFBC}") = "MVCAngularTest.Core", "MVCAngularTest.Core\MVCAngularTest.Core.csproj", "{A497F25D-DF6F-4F14-8C99-01A07FA1A695}"
EndProject
Project("{FAE04EC0-301F-11D3-BF4B-00C04F79EFBC}") = "MVCAngularTest.WebApi", "MVCAngularTest.WebApi\MVCAngularTest.WebApi.csproj", "{38D08899-0B69-4746-A23B-7A5DF5FD818F}"
EndProject
Global
	GlobalSection(SolutionConfigurationPlatforms) = preSolution
		Debug|Any CPU = Debug|Any CPU
		Release|Any CPU = Release|Any CPU
	EndGlobalSection
	GlobalSection(ProjectConfigurationPlatforms) = postSolution
		{C719A8D8-7B64-4391-B79B-EE1A102D23F2}.Debug|Any CPU.ActiveCfg = Debug|Any CPU
		{C719A8D8-7B64-4391-B79B-EE1A102D23F2}.Debug|Any CPU.Build.0 = Debug|Any CPU
		{C719A8D8-7B64-4391-B79B-EE1A102D23F2}.Release|Any CPU.ActiveCfg = Release|Any CPU
		{C719A8D8-7B64-4391-B79B-EE1A102D23F2}.Release|Any CPU.Build.0 = Release|Any CPU
		{EFA12856-79A6-4820-B694-6073A8706D90}.Debug|Any CPU.ActiveCfg = Debug|Any CPU
		{EFA12856-79A6-4820-B694-6073A8706D90}.Debug|Any CPU.Build.0 = Debug|Any CPU
		{EFA12856-79A6-4820-B694-6073A8706D90}.Release|Any CPU.ActiveCfg = Release|Any CPU
		{EFA12856-79A6-4820-B694-6073A8706D90}.Release|Any CPU.Build.0 = Release|Any CPU
		{F9B7E41C-8302-46B0-B3D7-33382A189B4E}.Debug|Any CPU.ActiveCfg = Debug|Any CPU
		{F9B7E41C-8302-46B0-B3D7-33382A189B4E}.Debug|Any CPU.Build.0 = Debug|Any CPU
		{F9B7E41C-8302-46B0-B3D7-33382A189B4E}.Release|Any CPU.ActiveCfg = Release|Any CPU
		{F9B7E41C-8302-46B0-B3D7-33382A189B4E}.Release|Any CPU.Build.0 = Release|Any CPU
		{A497F25D-DF6F-4F14-8C99-01A07FA1A695}.Debug|Any CPU.ActiveCfg = Debug|Any CPU
		{A497F25D-DF6F-4F14-8C99-01A07FA1A695}.Debug|Any CPU.Build.0 = Debug|Any CPU
		{A497F25D-DF6F-4F14-8C99-01A07FA1A695}.Release|Any CPU.ActiveCfg = Release|Any CPU
		{A497F25D-DF6F-4F14-8C99-01A07FA1A695}.Release|Any CPU.Build.0 = Release|Any CPU
		{38D08899-0B69-4746-A23B-7A5DF5FD818F}.Debug|Any CPU.ActiveCfg = Debug|Any CPU
		{38D08899-0B69-4746-A23B-7A5DF5FD818F}.Debug|Any CPU.Build.0 = Debug|Any CPU
		{38D08899-0B69-4746-A23B-7A5DF5FD818F}.Release|Any CPU.ActiveCfg = Release|Any CPU
		{38D08899-0B69-4746-A23B-7A5DF5FD818F}.Release|Any CPU.Build.0 = Release|Any CPU
	EndGlobalSection
	GlobalSection(SolutionProperties) = preSolution
		HideSolutionNode = FALSE
	EndGlobalSection
	GlobalSection(ExtensibilityGlobals) = postSolution
		SolutionGuid = {E840F61E-CE8B-4481-8E81-6DC6AAD88670}
	EndGlobalSection
EndGlobal
